
Microsoft Visual Studio Solution File, Format Version 12.00
# Visual Studio Version 17
VisualStudioVersion = 17.3.32825.248
MinimumVisualStudioVersion = 10.0.40219.1
Project("{FAE04EC0-301F-11D3-BF4B-00C04F79EFBC}") = "Homework5", "Homework5\Homework5.csproj", "{2265EB31-7CE1-474F-ADB8-AB6709243A82}"
EndProject
Project("{FAE04EC0-301F-11D3-BF4B-00C04F79EFBC}") = "tumakov4", "tumakov4\tumakov4.csproj", "{03EA22C5-5E72-4EA5-9B34-C637F59EE31C}"
EndProject
Global
	GlobalSection(SolutionConfigurationPlatforms) = preSolution
		Debug|Any CPU = Debug|Any CPU
		Release|Any CPU = Release|Any CPU
	EndGlobalSection
	GlobalSection(ProjectConfigurationPlatforms) = postSolution
		{2265EB31-7CE1-474F-ADB8-AB6709243A82}.Debug|Any CPU.ActiveCfg = Debug|Any CPU
		{2265EB31-7CE1-474F-ADB8-AB6709243A82}.Debug|Any CPU.Build.0 = Debug|Any CPU
		{2265EB31-7CE1-474F-ADB8-AB6709243A82}.Release|Any CPU.ActiveCfg = Release|Any CPU
		{2265EB31-7CE1-474F-ADB8-AB6709243A82}.Release|Any CPU.Build.0 = Release|Any CPU
		{03EA22C5-5E72-4EA5-9B34-C637F59EE31C}.Debug|Any CPU.ActiveCfg = Debug|Any CPU
		{03EA22C5-5E72-4EA5-9B34-C637F59EE31C}.Debug|Any CPU.Build.0 = Debug|Any CPU
		{03EA22C5-5E72-4EA5-9B34-C637F59EE31C}.Release|Any CPU.ActiveCfg = Release|Any CPU
		{03EA22C5-5E72-4EA5-9B34-C637F59EE31C}.Release|Any CPU.Build.0 = Release|Any CPU
	EndGlobalSection
	GlobalSection(SolutionProperties) = preSolution
		HideSolutionNode = FALSE
	EndGlobalSection
	GlobalSection(ExtensibilityGlobals) = postSolution
		SolutionGuid = {FEC6F7DB-8176-49FB-99E0-2FF95C02D8B8}
	EndGlobalSection
EndGlobal
